// !$*UTF8*$!
{
	archiveVersion = 1;
	classes = {
	};
	objectVersion = 50;
	objects = {

/* Begin PBXBuildFile section */
		25F32772225ABEDA00E8552A /* AppDelegate.swift in Sources */ = {isa = PBXBuildFile; fileRef = 25F32771225ABEDA00E8552A /* AppDelegate.swift */; };
		25F32777225ABEDA00E8552A /* Main.storyboard in Resources */ = {isa = PBXBuildFile; fileRef = 25F32775225ABEDA00E8552A /* Main.storyboard */; };
		25F32779225ABEDD00E8552A /* Assets.xcassets in Resources */ = {isa = PBXBuildFile; fileRef = 25F32778225ABEDD00E8552A /* Assets.xcassets */; };
		25F3277C225ABEDD00E8552A /* LaunchScreen.storyboard in Resources */ = {isa = PBXBuildFile; fileRef = 25F3277A225ABEDD00E8552A /* LaunchScreen.storyboard */; };
		25F32784225AC31200E8552A /* CustomButton.swift in Sources */ = {isa = PBXBuildFile; fileRef = 25F32783225AC31200E8552A /* CustomButton.swift */; };
		25F32786225AD9FE00E8552A /* ButtonStore.swift in Sources */ = {isa = PBXBuildFile; fileRef = 25F32785225AD9FE00E8552A /* ButtonStore.swift */; };
		25F32788225ADC4B00E8552A /* MainController.swift in Sources */ = {isa = PBXBuildFile; fileRef = 25F32787225ADC4B00E8552A /* MainController.swift */; };
		25F3278A225C1E6900E8552A /* LevelStore.swift in Sources */ = {isa = PBXBuildFile; fileRef = 25F32789225C1E6900E8552A /* LevelStore.swift */; };
		25F3278C225C683400E8552A /* CrosswordEnum.swift in Sources */ = {isa = PBXBuildFile; fileRef = 25F3278B225C683400E8552A /* CrosswordEnum.swift */; };
/* End PBXBuildFile section */

/* Begin PBXFileReference section */
		25F3276E225ABEDA00E8552A /* Crossword.app */ = {isa = PBXFileReference; explicitFileType = wrapper.application; includeInIndex = 0; path = Crossword.app; sourceTree = BUILT_PRODUCTS_DIR; };
		25F32771225ABEDA00E8552A /* AppDelegate.swift */ = {isa = PBXFileReference; lastKnownFileType = sourcecode.swift; path = AppDelegate.swift; sourceTree = "<group>"; };
		25F32776225ABEDA00E8552A /* Base */ = {isa = PBXFileReference; lastKnownFileType = file.storyboard; name = Base; path = Base.lproj/Main.storyboard; sourceTree = "<group>"; };
		25F32778225ABEDD00E8552A /* Assets.xcassets */ = {isa = PBXFileReference; lastKnownFileType = folder.assetcatalog; path = Assets.xcassets; sourceTree = "<group>"; };
		25F3277B225ABEDD00E8552A /* Base */ = {isa = PBXFileReference; lastKnownFileType = file.storyboard; name = Base; path = Base.lproj/LaunchScreen.storyboard; sourceTree = "<group>"; };
		25F3277D225ABEDD00E8552A /* Info.plist */ = {isa = PBXFileReference; lastKnownFileType = text.plist.xml; path = Info.plist; sourceTree = "<group>"; };
		25F32783225AC31200E8552A /* CustomButton.swift */ = {isa = PBXFileReference; lastKnownFileType = sourcecode.swift; path = CustomButton.swift; sourceTree = "<group>"; };
		25F32785225AD9FE00E8552A /* ButtonStore.swift */ = {isa = PBXFileReference; lastKnownFileType = sourcecode.swift; path = ButtonStore.swift; sourceTree = "<group>"; };
		25F32787225ADC4B00E8552A /* MainController.swift */ = {isa = PBXFileReference; lastKnownFileType = sourcecode.swift; path = MainController.swift; sourceTree = "<group>"; };
		25F32789225C1E6900E8552A /* LevelStore.swift */ = {isa = PBXFileReference; lastKnownFileType = sourcecode.swift; path = LevelStore.swift; sourceTree = "<group>"; };
		25F3278B225C683400E8552A /* CrosswordEnum.swift */ = {isa = PBXFileReference; lastKnownFileType = sourcecode.swift; path = CrosswordEnum.swift; sourceTree = "<group>"; };
/* End PBXFileReference section */

/* Begin PBXFrameworksBuildPhase section */
		25F3276B225ABEDA00E8552A /* Frameworks */ = {
			isa = PBXFrameworksBuildPhase;
			buildActionMask = 2147483647;
			files = (
			);
			runOnlyForDeploymentPostprocessing = 0;
		};
/* End PBXFrameworksBuildPhase section */

/* Begin PBXGroup section */
		25F32765225ABEDA00E8552A = {
			isa = PBXGroup;
			children = (
				25F32770225ABEDA00E8552A /* Crossword */,
				25F3276F225ABEDA00E8552A /* Products */,
			);
			sourceTree = "<group>";
		};
		25F3276F225ABEDA00E8552A /* Products */ = {
			isa = PBXGroup;
			children = (
				25F3276E225ABEDA00E8552A /* Crossword.app */,
			);
			name = Products;
			sourceTree = "<group>";
		};
		25F32770225ABEDA00E8552A /* Crossword */ = {
			isa = PBXGroup;
			children = (
				25F32771225ABEDA00E8552A /* AppDelegate.swift */,
				25F32787225ADC4B00E8552A /* MainController.swift */,
				25F32775225ABEDA00E8552A /* Main.storyboard */,
				25F32778225ABEDD00E8552A /* Assets.xcassets */,
				25F3277A225ABEDD00E8552A /* LaunchScreen.storyboard */,
				25F3277D225ABEDD00E8552A /* Info.plist */,
				25F32783225AC31200E8552A /* CustomButton.swift */,
				25F32785225AD9FE00E8552A /* ButtonStore.swift */,
				25F3278B225C683400E8552A /* CrosswordEnum.swift */,
				25F32789225C1E6900E8552A /* LevelStore.swift */,
			);
			path = Crossword;
			sourceTree = "<group>";
		};
/* End PBXGroup section */

/* Begin PBXNativeTarget section */
		25F3276D225ABEDA00E8552A /* Crossword */ = {
			isa = PBXNativeTarget;
			buildConfigurationList = 25F32780225ABEDD00E8552A /* Build configuration list for PBXNativeTarget "Crossword" */;
			buildPhases = (
				25F3276A225ABEDA00E8552A /* Sources */,
				25F3276B225ABEDA00E8552A /* Frameworks */,
				25F3276C225ABEDA00E8552A /* Resources */,
			);
			buildRules = (
			);
			dependencies = (
			);
			name = Crossword;
			productName = Crossword;
			productReference = 25F3276E225ABEDA00E8552A /* Crossword.app */;
			productType = "com.apple.product-type.application";
		};
/* End PBXNativeTarget section */

/* Begin PBXProject section */
		25F32766225ABEDA00E8552A /* Project object */ = {
			isa = PBXProject;
			attributes = {
				LastSwiftUpdateCheck = 1020;
				LastUpgradeCheck = 1020;
				ORGANIZATIONNAME = "Project Koisa";
				TargetAttributes = {
					25F3276D225ABEDA00E8552A = {
						CreatedOnToolsVersion = 10.2;
					};
				};
			};
			buildConfigurationList = 25F32769225ABEDA00E8552A /* Build configuration list for PBXProject "Crossword" */;
			compatibilityVersion = "Xcode 9.3";
			developmentRegion = en;
			hasScannedForEncodings = 0;
			knownRegions = (
				en,
				Base,
			);
			mainGroup = 25F32765225ABEDA00E8552A;
			productRefGroup = 25F3276F225ABEDA00E8552A /* Products */;
			projectDirPath = "";
			projectRoot = "";
			targets = (
				25F3276D225ABEDA00E8552A /* Crossword */,
			);
		};
/* End PBXProject section */

/* Begin PBXResourcesBuildPhase section */
		25F3276C225ABEDA00E8552A /* Resources */ = {
			isa = PBXResourcesBuildPhase;
			buildActionMask = 2147483647;
			files = (
				25F3277C225ABEDD00E8552A /* LaunchScreen.storyboard in Resources */,
				25F32779225ABEDD00E8552A /* Assets.xcassets in Resources */,
				25F32777225ABEDA00E8552A /* Main.storyboard in Resources */,
			);
			runOnlyForDeploymentPostprocessing = 0;
		};
/* End PBXResourcesBuildPhase section */

/* Begin PBXSourcesBuildPhase section */
		25F3276A225ABEDA00E8552A /* Sources */ = {
			isa = PBXSourcesBuildPhase;
			buildActionMask = 2147483647;
			files = (
				25F3278C225C683400E8552A /* CrosswordEnum.swift in Sources */,
				25F32786225AD9FE00E8552A /* ButtonStore.swift in Sources */,
				25F32772225ABEDA00E8552A /* AppDelegate.swift in Sources */,
				25F3278A225C1E6900E8552A /* LevelStore.swift in Sources */,
				25F32784225AC31200E8552A /* CustomButton.swift in Sources */,
				25F32788225ADC4B00E8552A /* MainController.swift in Sources */,
			);
			runOnlyForDeploymentPostprocessing = 0;
		};
/* End PBXSourcesBuildPhase section */

/* Begin PBXVariantGroup section */
		25F32775225ABEDA00E8552A /* Main.storyboard */ = {
			isa = PBXVariantGroup;
			children = (
				25F32776225ABEDA00E8552A /* Base */,
			);
			name = Main.storyboard;
			sourceTree = "<group>";
		};
		25F3277A225ABEDD00E8552A /* LaunchScreen.storyboard */ = {
			isa = PBXVariantGroup;
			children = (
				25F3277B225ABEDD00E8552A /* Base */,
			);
			name = LaunchScreen.storyboard;
			sourceTree = "<group>";
		};
/* End PBXVariantGroup section */

/* Begin XCBuildConfiguration section */
		25F3277E225ABEDD00E8552A /* Debug */ = {
			isa = XCBuildConfiguration;
			buildSettings = {
				ALWAYS_SEARCH_USER_PATHS = NO;
				CLANG_ANALYZER_NONNULL = YES;
				CLANG_ANALYZER_NUMBER_OBJECT_CONVERSION = YES_AGGRESSIVE;
				CLANG_CXX_LANGUAGE_STANDARD = "gnu++14";
				CLANG_CXX_LIBRARY = "libc++";
				CLANG_ENABLE_MODULES = YES;
				CLANG_ENABLE_OBJC_ARC = YES;
				CLANG_ENABLE_OBJC_WEAK = YES;
				CLANG_WARN_BLOCK_CAPTURE_AUTORELEASING = YES;
				CLANG_WARN_BOOL_CONVERSION = YES;
				CLANG_WARN_COMMA = YES;
				CLANG_WARN_CONSTANT_CONVERSION = YES;
				CLANG_WARN_DEPRECATED_OBJC_IMPLEMENTATIONS = YES;
				CLANG_WARN_DIRECT_OBJC_ISA_USAGE = YES_ERROR;
				CLANG_WARN_DOCUMENTATION_COMMENTS = YES;
				CLANG_WARN_EMPTY_BODY = YES;
				CLANG_WARN_ENUM_CONVERSION = YES;
				CLANG_WARN_INFINITE_RECURSION = YES;
				CLANG_WARN_INT_CONVERSION = YES;
				CLANG_WARN_NON_LITERAL_NULL_CONVERSION = YES;
				CLANG_WARN_OBJC_IMPLICIT_RETAIN_SELF = YES;
				CLANG_WARN_OBJC_LITERAL_CONVERSION = YES;
				CLANG_WARN_OBJC_ROOT_CLASS = YES_ERROR;
				CLANG_WARN_RANGE_LOOP_ANALYSIS = YES;
				CLANG_WARN_STRICT_PROTOTYPES = YES;
				CLANG_WARN_SUSPICIOUS_MOVE = YES;
				CLANG_WARN_UNGUARDED_AVAILABILITY = YES_AGGRESSIVE;
				CLANG_WARN_UNREACHABLE_CODE = YES;
				CLANG_WARN__DUPLICATE_METHOD_MATCH = YES;
				CODE_SIGN_IDENTITY = "iPhone Developer";
				COPY_PHASE_STRIP = NO;
				DEBUG_INFORMATION_FORMAT = dwarf;
				ENABLE_STRICT_OBJC_MSGSEND = YES;
				ENABLE_TESTABILITY = YES;
				GCC_C_LANGUAGE_STANDARD = gnu11;
				GCC_DYNAMIC_NO_PIC = NO;
				GCC_NO_COMMON_BLOCKS = YES;
				GCC_OPTIMIZATION_LEVEL = 0;
				GCC_PREPROCESSOR_DEFINITIONS = (
					"DEBUG=1",
					"$(inherited)",
				);
				GCC_WARN_64_TO_32_BIT_CONVERSION = YES;
				GCC_WARN_ABOUT_RETURN_TYPE = YES_ERROR;
				GCC_WARN_UNDECLARED_SELECTOR = YES;
				GCC_WARN_UNINITIALIZED_AUTOS = YES_AGGRESSIVE;
				GCC_WARN_UNUSED_FUNCTION = YES;
				GCC_WARN_UNUSED_VARIABLE = YES;
				IPHONEOS_DEPLOYMENT_TARGET = 12.2;
				MTL_ENABLE_DEBUG_INFO = INCLUDE_SOURCE;
				MTL_FAST_MATH = YES;
				ONLY_ACTIVE_ARCH = YES;
				SDKROOT = iphoneos;
				SWIFT_ACTIVE_COMPILATION_CONDITIONS = DEBUG;
				SWIFT_OPTIMIZATION_LEVEL = "-Onone";
			};
			name = Debug;
		};
		25F3277F225ABEDD00E8552A /* Release */ = {
			isa = XCBuildConfiguration;
			buildSettings = {
				ALWAYS_SEARCH_USER_PATHS = NO;
				CLANG_ANALYZER_NONNULL = YES;
				CLANG_ANALYZER_NUMBER_OBJECT_CONVERSION = YES_AGGRESSIVE;
				CLANG_CXX_LANGUAGE_STANDARD = "gnu++14";
				CLANG_CXX_LIBRARY = "libc++";
				CLANG_ENABLE_MODULES = YES;
				CLANG_ENABLE_OBJC_ARC = YES;
				CLANG_ENABLE_OBJC_WEAK = YES;
				CLANG_WARN_BLOCK_CAPTURE_AUTORELEASING = YES;
				CLANG_WARN_BOOL_CONVERSION = YES;
				CLANG_WARN_COMMA = YES;
				CLANG_WARN_CONSTANT_CONVERSION = YES;
				CLANG_WARN_DEPRECATED_OBJC_IMPLEMENTATIONS = YES;
				CLANG_WARN_DIRECT_OBJC_ISA_USAGE = YES_ERROR;
				CLANG_WARN_DOCUMENTATION_COMMENTS = YES;
				CLANG_WARN_EMPTY_BODY = YES;
				CLANG_WARN_ENUM_CONVERSION = YES;
				CLANG_WARN_INFINITE_RECURSION = YES;
				CLANG_WARN_INT_CONVERSION = YES;
				CLANG_WARN_NON_LITERAL_NULL_CONVERSION = YES;
				CLANG_WARN_OBJC_IMPLICIT_RETAIN_SELF = YES;
				CLANG_WARN_OBJC_LITERAL_CONVERSION = YES;
				CLANG_WARN_OBJC_ROOT_CLASS = YES_ERROR;
				CLANG_WARN_RANGE_LOOP_ANALYSIS = YES;
				CLANG_WARN_STRICT_PROTOTYPES = YES;
				CLANG_WARN_SUSPICIOUS_MOVE = YES;
				CLANG_WARN_UNGUARDED_AVAILABILITY = YES_AGGRESSIVE;
				CLANG_WARN_UNREACHABLE_CODE = YES;
				CLANG_WARN__DUPLICATE_METHOD_MATCH = YES;
				CODE_SIGN_IDENTITY = "iPhone Developer";
				COPY_PHASE_STRIP = NO;
				DEBUG_INFORMATION_FORMAT = "dwarf-with-dsym";
				ENABLE_NS_ASSERTIONS = NO;
				ENABLE_STRICT_OBJC_MSGSEND = YES;
				GCC_C_LANGUAGE_STANDARD = gnu11;
				GCC_NO_COMMON_BLOCKS = YES;
				GCC_WARN_64_TO_32_BIT_CONVERSION = YES;
				GCC_WARN_ABOUT_RETURN_TYPE = YES_ERROR;
				GCC_WARN_UNDECLARED_SELECTOR = YES;
				GCC_WARN_UNINITIALIZED_AUTOS = YES_AGGRESSIVE;
				GCC_WARN_UNUSED_FUNCTION = YES;
				GCC_WARN_UNUSED_VARIABLE = YES;
				IPHONEOS_DEPLOYMENT_TARGET = 12.2;
				MTL_ENABLE_DEBUG_INFO = NO;
				MTL_FAST_MATH = YES;
				SDKROOT = iphoneos;
				SWIFT_COMPILATION_MODE = wholemodule;
				SWIFT_OPTIMIZATION_LEVEL = "-O";
				VALIDATE_PRODUCT = YES;
			};
			name = Release;
		};
		25F32781225ABEDD00E8552A /* Debug */ = {
			isa = XCBuildConfiguration;
			buildSettings = {
				ASSETCATALOG_COMPILER_APPICON_NAME = AppIcon;
				CODE_SIGN_STYLE = Automatic;
				DEVELOPMENT_TEAM = SF2329RVF5;
				INFOPLIST_FILE = Crossword/Info.plist;
				LD_RUNPATH_SEARCH_PATHS = (
					"$(inherited)",
					"@executable_path/Frameworks",
				);
				PRODUCT_BUNDLE_IDENTIFIER = com.KoiSA.Crossword;
				PRODUCT_NAME = "$(TARGET_NAME)";
				SWIFT_VERSION = 5.0;
				TARGETED_DEVICE_FAMILY = "1,2";
			};
			name = Debug;
		};
		25F32782225ABEDD00E8552A /* Release */ = {
			isa = XCBuildConfiguration;
			buildSettings = {
				ASSETCATALOG_COMPILER_APPICON_NAME = AppIcon;
				CODE_SIGN_STYLE = Automatic;
				DEVELOPMENT_TEAM = SF2329RVF5;
				INFOPLIST_FILE = Crossword/Info.plist;
				LD_RUNPATH_SEARCH_PATHS = (
					"$(inherited)",
					"@executable_path/Frameworks",
				);
				PRODUCT_BUNDLE_IDENTIFIER = com.KoiSA.Crossword;
				PRODUCT_NAME = "$(TARGET_NAME)";
				SWIFT_VERSION = 5.0;
				TARGETED_DEVICE_FAMILY = "1,2";
			};
			name = Release;
		};
/* End XCBuildConfiguration section */

/* Begin XCConfigurationList section */
		25F32769225ABEDA00E8552A /* Build configuration list for PBXProject "Crossword" */ = {
			isa = XCConfigurationList;
			buildConfigurations = (
				25F3277E225ABEDD00E8552A /* Debug */,
				25F3277F225ABEDD00E8552A /* Release */,
			);
			defaultConfigurationIsVisible = 0;
			defaultConfigurationName = Release;
		};
		25F32780225ABEDD00E8552A /* Build configuration list for PBXNativeTarget "Crossword" */ = {
			isa = XCConfigurationList;
			buildConfigurations = (
				25F32781225ABEDD00E8552A /* Debug */,
				25F32782225ABEDD00E8552A /* Release */,
			);
			defaultConfigurationIsVisible = 0;
			defaultConfigurationName = Release;
		};
/* End XCConfigurationList section */
	};
	rootObject = 25F32766225ABEDA00E8552A /* Project object */;
}
